
Microsoft Visual Studio Solution File, Format Version 12.00
# Visual Studio Version 17
VisualStudioVersion = 17.3.32929.385
MinimumVisualStudioVersion = 10.0.40219.1
Project("{FAE04EC0-301F-11D3-BF4B-00C04F79EFBC}") = "eight_queen_problem", "eight_queen_problem\eight_queen_problem.csproj", "{BD18F5A1-F147-404D-A009-2CB79F265DA7}"
EndProject
Global
	GlobalSection(SolutionConfigurationPlatforms) = preSolution
		Debug|Any CPU = Debug|Any CPU
		Release|Any CPU = Release|Any CPU
	EndGlobalSection
	GlobalSection(ProjectConfigurationPlatforms) = postSolution
		{BD18F5A1-F147-404D-A009-2CB79F265DA7}.Debug|Any CPU.ActiveCfg = Debug|Any CPU
		{BD18F5A1-F147-404D-A009-2CB79F265DA7}.Debug|Any CPU.Build.0 = Debug|Any CPU
		{BD18F5A1-F147-404D-A009-2CB79F265DA7}.Release|Any CPU.ActiveCfg = Release|Any CPU
		{BD18F5A1-F147-404D-A009-2CB79F265DA7}.Release|Any CPU.Build.0 = Release|Any CPU
	EndGlobalSection
	GlobalSection(SolutionProperties) = preSolution
		HideSolutionNode = FALSE
	EndGlobalSection
	GlobalSection(ExtensibilityGlobals) = postSolution
		SolutionGuid = {97DF21DA-2E5A-47B5-A1EC-F61F111CA993}
	EndGlobalSection
EndGlobal
